// !$*UTF8*$!
{
	archiveVersion = 1;
	classes = {
	};
	objectVersion = 48;
	objects = {

/* Begin PBXBuildFile section */
		21A460F98FF1CCF3F16E5B3F /* Pods_StuffPeopleSay.framework in Frameworks */ = {isa = PBXBuildFile; fileRef = 51FA5B8480CBA27CE3AE29CC /* Pods_StuffPeopleSay.framework */; };
		F905D6D61FF5C30600A0CFD5 /* AlertViewController.swift in Sources */ = {isa = PBXBuildFile; fileRef = F905D6D51FF5C30600A0CFD5 /* AlertViewController.swift */; };
		F9066DA21FD5F637003BF133 /* GameViewCell.swift in Sources */ = {isa = PBXBuildFile; fileRef = F9066DA11FD5F637003BF133 /* GameViewCell.swift */; };
		F90B4B7A1FBBA232002FEBF0 /* PusherManager.swift in Sources */ = {isa = PBXBuildFile; fileRef = F90B4B791FBBA232002FEBF0 /* PusherManager.swift */; };
		F91230DD1FF1972F00182B55 /* Deck.swift in Sources */ = {isa = PBXBuildFile; fileRef = F91230DC1FF1972F00182B55 /* Deck.swift */; };
		F91A631B2006B2C000BF8DD1 /* DeckCollectionView.swift in Sources */ = {isa = PBXBuildFile; fileRef = F91A631A2006B2C000BF8DD1 /* DeckCollectionView.swift */; };
		F91A631D2006C63A00BF8DD1 /* DeckCollectionViewDataSource.swift in Sources */ = {isa = PBXBuildFile; fileRef = F91A631C2006C63A00BF8DD1 /* DeckCollectionViewDataSource.swift */; };
		F91A631F2006D87000BF8DD1 /* DeckEditViewController.swift in Sources */ = {isa = PBXBuildFile; fileRef = F91A631E2006D87000BF8DD1 /* DeckEditViewController.swift */; };
		F91A63212006D8D200BF8DD1 /* DeckEditView.swift in Sources */ = {isa = PBXBuildFile; fileRef = F91A63202006D8D200BF8DD1 /* DeckEditView.swift */; };
		F92DBED81FBB8D4000B4566F /* LoginViewController.swift in Sources */ = {isa = PBXBuildFile; fileRef = F92DBED71FBB8D4000B4566F /* LoginViewController.swift */; };
		F92DBEDA1FBB8D5300B4566F /* User.swift in Sources */ = {isa = PBXBuildFile; fileRef = F92DBED91FBB8D5300B4566F /* User.swift */; };
		F9341C0F1FD1ECA0009CD301 /* Board.swift in Sources */ = {isa = PBXBuildFile; fileRef = F9341C0E1FD1ECA0009CD301 /* Board.swift */; };
		F93D1C11200BD77900B0107D /* CardRequests.swift in Sources */ = {isa = PBXBuildFile; fileRef = F93D1C10200BD77900B0107D /* CardRequests.swift */; };
		F93D1C13200BD80000B0107D /* Environment.swift in Sources */ = {isa = PBXBuildFile; fileRef = F93D1C12200BD80000B0107D /* Environment.swift */; };
		F93D1C16200C0C6000B0107D /* NetworkDispatcher.swift in Sources */ = {isa = PBXBuildFile; fileRef = F93D1C15200C0C6000B0107D /* NetworkDispatcher.swift */; };
		F950F3601FF3561800DF578F /* DeckCollectionViewLayout.swift in Sources */ = {isa = PBXBuildFile; fileRef = F950F35F1FF3561800DF578F /* DeckCollectionViewLayout.swift */; };
		F95B17151FBBBBEF00AA000B /* GameStore.swift in Sources */ = {isa = PBXBuildFile; fileRef = F95B17141FBBBBEF00AA000B /* GameStore.swift */; };
		F95B17171FBBBBF400AA000B /* Card.swift in Sources */ = {isa = PBXBuildFile; fileRef = F95B17161FBBBBF400AA000B /* Card.swift */; };
		F96AA6011FBAB4F4001E7CCD /* AppDelegate.swift in Sources */ = {isa = PBXBuildFile; fileRef = F96AA6001FBAB4F4001E7CCD /* AppDelegate.swift */; };
		F96AA6061FBAB4F4001E7CCD /* Main.storyboard in Resources */ = {isa = PBXBuildFile; fileRef = F96AA6041FBAB4F4001E7CCD /* Main.storyboard */; };
		F96AA6081FBAB4F4001E7CCD /* Assets.xcassets in Resources */ = {isa = PBXBuildFile; fileRef = F96AA6071FBAB4F4001E7CCD /* Assets.xcassets */; };
		F96AA60B1FBAB4F4001E7CCD /* LaunchScreen.storyboard in Resources */ = {isa = PBXBuildFile; fileRef = F96AA6091FBAB4F4001E7CCD /* LaunchScreen.storyboard */; };
		F96AA6131FBAB91E001E7CCD /* BingoViewController.swift in Sources */ = {isa = PBXBuildFile; fileRef = F96AA6121FBAB91E001E7CCD /* BingoViewController.swift */; };
		F96AA6151FBAB999001E7CCD /* BingoCollectionViewLayout.swift in Sources */ = {isa = PBXBuildFile; fileRef = F96AA6141FBAB999001E7CCD /* BingoCollectionViewLayout.swift */; };
		F96C58041FBB5A3B00D49481 /* BingoCollectionCell.swift in Sources */ = {isa = PBXBuildFile; fileRef = F96C58031FBB5A3B00D49481 /* BingoCollectionCell.swift */; };
		F96C58061FBB69F600D49481 /* BingoGame.swift in Sources */ = {isa = PBXBuildFile; fileRef = F96C58051FBB69F600D49481 /* BingoGame.swift */; };
		F96F1DB41FF4CC7A00C06E9C /* CardCell.swift in Sources */ = {isa = PBXBuildFile; fileRef = F96F1DB31FF4CC7A00C06E9C /* CardCell.swift */; };
		F9707CE4200B0008001F4D17 /* RequestProtocol.swift in Sources */ = {isa = PBXBuildFile; fileRef = F9707CE3200B0008001F4D17 /* RequestProtocol.swift */; };
		F9707CE7200B2C49001F4D17 /* UserRequests.swift in Sources */ = {isa = PBXBuildFile; fileRef = F9707CE6200B2C49001F4D17 /* UserRequests.swift */; };
		F9707CE9200B325D001F4D17 /* GameRequests.swift in Sources */ = {isa = PBXBuildFile; fileRef = F9707CE8200B325D001F4D17 /* GameRequests.swift */; };
		F9707CEB200B36DA001F4D17 /* DeckRequests.swift in Sources */ = {isa = PBXBuildFile; fileRef = F9707CEA200B36DA001F4D17 /* DeckRequests.swift */; };
		F9792C5E1FD75D4400ADE88C /* ZoomTransitioningDelegate.swift in Sources */ = {isa = PBXBuildFile; fileRef = F9792C5D1FD75D4400ADE88C /* ZoomTransitioningDelegate.swift */; };
		F97E63841FF1A81700CBA256 /* DeckCell.swift in Sources */ = {isa = PBXBuildFile; fileRef = F97E63831FF1A81700CBA256 /* DeckCell.swift */; };
		F97E63861FF1D66100CBA256 /* BingoPalette.swift in Sources */ = {isa = PBXBuildFile; fileRef = F97E63851FF1D66100CBA256 /* BingoPalette.swift */; };
		F993AC0C1FD6229000433689 /* BoardCollectionViewController.swift in Sources */ = {isa = PBXBuildFile; fileRef = F993AC0B1FD6229000433689 /* BoardCollectionViewController.swift */; };
		F99A2F791FD4AA3000B2CEC6 /* LoadingView.swift in Sources */ = {isa = PBXBuildFile; fileRef = F99A2F781FD4AA3000B2CEC6 /* LoadingView.swift */; };
		F9AAF1CE1FD62F5E008A618F /* BoardCollectionViewCell.swift in Sources */ = {isa = PBXBuildFile; fileRef = F9AAF1CD1FD62F5E008A618F /* BoardCollectionViewCell.swift */; };
		F9B295381FF4DCB700454D21 /* CardTextfield.swift in Sources */ = {isa = PBXBuildFile; fileRef = F9B295371FF4DCB700454D21 /* CardTextfield.swift */; };
		F9B7CE9C200C2E3A00E6C5BC /* NetworkResponse.swift in Sources */ = {isa = PBXBuildFile; fileRef = F9B7CE9B200C2E3A00E6C5BC /* NetworkResponse.swift */; };
		F9C2B7FB200424B400F38DAD /* SPSCollectionViewCell.swift in Sources */ = {isa = PBXBuildFile; fileRef = F9C2B7FA200424B400F38DAD /* SPSCollectionViewCell.swift */; };
		F9DC7C941FD0C66A0097D4B5 /* BingoCollectionView.swift in Sources */ = {isa = PBXBuildFile; fileRef = F9DC7C931FD0C66A0097D4B5 /* BingoCollectionView.swift */; };
		F9DC7C961FD0C8370097D4B5 /* OpponentBingoViewController.swift in Sources */ = {isa = PBXBuildFile; fileRef = F9DC7C951FD0C8370097D4B5 /* OpponentBingoViewController.swift */; };
		F9DC7C9A1FD1259D0097D4B5 /* PieceView.swift in Sources */ = {isa = PBXBuildFile; fileRef = F9DC7C991FD1259D0097D4B5 /* PieceView.swift */; };
		F9E7B39A1FC3A63500B81872 /* APIManager.swift in Sources */ = {isa = PBXBuildFile; fileRef = F9E7B3991FC3A63500B81872 /* APIManager.swift */; };
		F9E7B39C1FC3D28E00B81872 /* Game.swift in Sources */ = {isa = PBXBuildFile; fileRef = F9E7B39B1FC3D28E00B81872 /* Game.swift */; };
		F9E7B39E1FC3E4F600B81872 /* GamesTableViewController.swift in Sources */ = {isa = PBXBuildFile; fileRef = F9E7B39D1FC3E4F600B81872 /* GamesTableViewController.swift */; };
		F9EB8CAC2007D9C5004F04D0 /* CardEditView.swift in Sources */ = {isa = PBXBuildFile; fileRef = F9EB8CAB2007D9C5004F04D0 /* CardEditView.swift */; };
		F9EB8CAE2007DB96004F04D0 /* CardCollectionViewDataSource.swift in Sources */ = {isa = PBXBuildFile; fileRef = F9EB8CAD2007DB96004F04D0 /* CardCollectionViewDataSource.swift */; };
		F9EB8CB02007DC91004F04D0 /* CardCollectionView.swift in Sources */ = {isa = PBXBuildFile; fileRef = F9EB8CAF2007DC91004F04D0 /* CardCollectionView.swift */; };
		F9EB8CB22007DE68004F04D0 /* CardEditViewController.swift in Sources */ = {isa = PBXBuildFile; fileRef = F9EB8CB12007DE68004F04D0 /* CardEditViewController.swift */; };
		F9EB8CB42007EFF0004F04D0 /* DeckShowViewController.swift in Sources */ = {isa = PBXBuildFile; fileRef = F9EB8CB32007EFF0004F04D0 /* DeckShowViewController.swift */; };
		F9EFD5541FF58BB400C99D72 /* Decks.json in Resources */ = {isa = PBXBuildFile; fileRef = F9EFD5531FF58BB400C99D72 /* Decks.json */; };
		F9FA25D12007D5CA001D7E3A /* EditView.swift in Sources */ = {isa = PBXBuildFile; fileRef = F9FA25D02007D5CA001D7E3A /* EditView.swift */; };
/* End PBXBuildFile section */

/* Begin PBXFileReference section */
		51FA5B8480CBA27CE3AE29CC /* Pods_StuffPeopleSay.framework */ = {isa = PBXFileReference; explicitFileType = wrapper.framework; includeInIndex = 0; path = Pods_StuffPeopleSay.framework; sourceTree = BUILT_PRODUCTS_DIR; };
		969F576DC84CC8784B284975 /* Pods-StuffPeopleSay.debug.xcconfig */ = {isa = PBXFileReference; includeInIndex = 1; lastKnownFileType = text.xcconfig; name = "Pods-StuffPeopleSay.debug.xcconfig"; path = "Pods/Target Support Files/Pods-StuffPeopleSay/Pods-StuffPeopleSay.debug.xcconfig"; sourceTree = "<group>"; };
		B82C6D91C9AF9E86158C2F3E /* Pods-StuffPeopleSay.release.xcconfig */ = {isa = PBXFileReference; includeInIndex = 1; lastKnownFileType = text.xcconfig; name = "Pods-StuffPeopleSay.release.xcconfig"; path = "Pods/Target Support Files/Pods-StuffPeopleSay/Pods-StuffPeopleSay.release.xcconfig"; sourceTree = "<group>"; };
		F905D6D51FF5C30600A0CFD5 /* AlertViewController.swift */ = {isa = PBXFileReference; lastKnownFileType = sourcecode.swift; path = AlertViewController.swift; sourceTree = "<group>"; };
		F9066DA11FD5F637003BF133 /* GameViewCell.swift */ = {isa = PBXFileReference; lastKnownFileType = sourcecode.swift; path = GameViewCell.swift; sourceTree = "<group>"; };
		F90B4B791FBBA232002FEBF0 /* PusherManager.swift */ = {isa = PBXFileReference; lastKnownFileType = sourcecode.swift; path = PusherManager.swift; sourceTree = "<group>"; };
		F91230DC1FF1972F00182B55 /* Deck.swift */ = {isa = PBXFileReference; lastKnownFileType = sourcecode.swift; path = Deck.swift; sourceTree = "<group>"; };
		F91A631A2006B2C000BF8DD1 /* DeckCollectionView.swift */ = {isa = PBXFileReference; lastKnownFileType = sourcecode.swift; path = DeckCollectionView.swift; sourceTree = "<group>"; };
		F91A631C2006C63A00BF8DD1 /* DeckCollectionViewDataSource.swift */ = {isa = PBXFileReference; lastKnownFileType = sourcecode.swift; path = DeckCollectionViewDataSource.swift; sourceTree = "<group>"; };
		F91A631E2006D87000BF8DD1 /* DeckEditViewController.swift */ = {isa = PBXFileReference; lastKnownFileType = sourcecode.swift; path = DeckEditViewController.swift; sourceTree = "<group>"; };
		F91A63202006D8D200BF8DD1 /* DeckEditView.swift */ = {isa = PBXFileReference; lastKnownFileType = sourcecode.swift; path = DeckEditView.swift; sourceTree = "<group>"; };
		F92DBED71FBB8D4000B4566F /* LoginViewController.swift */ = {isa = PBXFileReference; lastKnownFileType = sourcecode.swift; path = LoginViewController.swift; sourceTree = "<group>"; };
		F92DBED91FBB8D5300B4566F /* User.swift */ = {isa = PBXFileReference; lastKnownFileType = sourcecode.swift; path = User.swift; sourceTree = "<group>"; };
		F9341C0E1FD1ECA0009CD301 /* Board.swift */ = {isa = PBXFileReference; lastKnownFileType = sourcecode.swift; path = Board.swift; sourceTree = "<group>"; };
		F93D1C10200BD77900B0107D /* CardRequests.swift */ = {isa = PBXFileReference; lastKnownFileType = sourcecode.swift; path = CardRequests.swift; sourceTree = "<group>"; };
		F93D1C12200BD80000B0107D /* Environment.swift */ = {isa = PBXFileReference; lastKnownFileType = sourcecode.swift; path = Environment.swift; sourceTree = "<group>"; };
		F93D1C15200C0C6000B0107D /* NetworkDispatcher.swift */ = {isa = PBXFileReference; lastKnownFileType = sourcecode.swift; path = NetworkDispatcher.swift; sourceTree = "<group>"; };
		F950F35F1FF3561800DF578F /* DeckCollectionViewLayout.swift */ = {isa = PBXFileReference; lastKnownFileType = sourcecode.swift; path = DeckCollectionViewLayout.swift; sourceTree = "<group>"; };
		F95B17141FBBBBEF00AA000B /* GameStore.swift */ = {isa = PBXFileReference; lastKnownFileType = sourcecode.swift; path = GameStore.swift; sourceTree = "<group>"; };
		F95B17161FBBBBF400AA000B /* Card.swift */ = {isa = PBXFileReference; lastKnownFileType = sourcecode.swift; path = Card.swift; sourceTree = "<group>"; };
		F96AA5FD1FBAB4F4001E7CCD /* StuffPeopleSay.app */ = {isa = PBXFileReference; explicitFileType = wrapper.application; includeInIndex = 0; path = StuffPeopleSay.app; sourceTree = BUILT_PRODUCTS_DIR; };
		F96AA6001FBAB4F4001E7CCD /* AppDelegate.swift */ = {isa = PBXFileReference; lastKnownFileType = sourcecode.swift; path = AppDelegate.swift; sourceTree = "<group>"; };
		F96AA6051FBAB4F4001E7CCD /* Base */ = {isa = PBXFileReference; lastKnownFileType = file.storyboard; name = Base; path = Base.lproj/Main.storyboard; sourceTree = "<group>"; };
		F96AA6071FBAB4F4001E7CCD /* Assets.xcassets */ = {isa = PBXFileReference; lastKnownFileType = folder.assetcatalog; path = Assets.xcassets; sourceTree = "<group>"; };
		F96AA60A1FBAB4F4001E7CCD /* Base */ = {isa = PBXFileReference; lastKnownFileType = file.storyboard; name = Base; path = Base.lproj/LaunchScreen.storyboard; sourceTree = "<group>"; };
		F96AA60C1FBAB4F4001E7CCD /* Info.plist */ = {isa = PBXFileReference; lastKnownFileType = text.plist.xml; path = Info.plist; sourceTree = "<group>"; };
		F96AA6121FBAB91E001E7CCD /* BingoViewController.swift */ = {isa = PBXFileReference; lastKnownFileType = sourcecode.swift; path = BingoViewController.swift; sourceTree = "<group>"; };
		F96AA6141FBAB999001E7CCD /* BingoCollectionViewLayout.swift */ = {isa = PBXFileReference; lastKnownFileType = sourcecode.swift; path = BingoCollectionViewLayout.swift; sourceTree = "<group>"; };
		F96C58031FBB5A3B00D49481 /* BingoCollectionCell.swift */ = {isa = PBXFileReference; lastKnownFileType = sourcecode.swift; path = BingoCollectionCell.swift; sourceTree = "<group>"; };
		F96C58051FBB69F600D49481 /* BingoGame.swift */ = {isa = PBXFileReference; lastKnownFileType = sourcecode.swift; path = BingoGame.swift; sourceTree = "<group>"; };
		F96F1DB31FF4CC7A00C06E9C /* CardCell.swift */ = {isa = PBXFileReference; lastKnownFileType = sourcecode.swift; path = CardCell.swift; sourceTree = "<group>"; };
		F9707CE3200B0008001F4D17 /* RequestProtocol.swift */ = {isa = PBXFileReference; lastKnownFileType = sourcecode.swift; path = RequestProtocol.swift; sourceTree = "<group>"; };
		F9707CE6200B2C49001F4D17 /* UserRequests.swift */ = {isa = PBXFileReference; lastKnownFileType = sourcecode.swift; path = UserRequests.swift; sourceTree = "<group>"; };
		F9707CE8200B325D001F4D17 /* GameRequests.swift */ = {isa = PBXFileReference; lastKnownFileType = sourcecode.swift; path = GameRequests.swift; sourceTree = "<group>"; };
		F9707CEA200B36DA001F4D17 /* DeckRequests.swift */ = {isa = PBXFileReference; lastKnownFileType = sourcecode.swift; path = DeckRequests.swift; sourceTree = "<group>"; };
		F9792C5D1FD75D4400ADE88C /* ZoomTransitioningDelegate.swift */ = {isa = PBXFileReference; lastKnownFileType = sourcecode.swift; path = ZoomTransitioningDelegate.swift; sourceTree = "<group>"; };
		F97E63831FF1A81700CBA256 /* DeckCell.swift */ = {isa = PBXFileReference; lastKnownFileType = sourcecode.swift; path = DeckCell.swift; sourceTree = "<group>"; };
		F97E63851FF1D66100CBA256 /* BingoPalette.swift */ = {isa = PBXFileReference; lastKnownFileType = sourcecode.swift; path = BingoPalette.swift; sourceTree = "<group>"; };
		F993AC0B1FD6229000433689 /* BoardCollectionViewController.swift */ = {isa = PBXFileReference; lastKnownFileType = sourcecode.swift; path = BoardCollectionViewController.swift; sourceTree = "<group>"; };
		F99A2F781FD4AA3000B2CEC6 /* LoadingView.swift */ = {isa = PBXFileReference; lastKnownFileType = sourcecode.swift; path = LoadingView.swift; sourceTree = "<group>"; };
		F9AAF1CD1FD62F5E008A618F /* BoardCollectionViewCell.swift */ = {isa = PBXFileReference; lastKnownFileType = sourcecode.swift; path = BoardCollectionViewCell.swift; sourceTree = "<group>"; };
		F9B295371FF4DCB700454D21 /* CardTextfield.swift */ = {isa = PBXFileReference; lastKnownFileType = sourcecode.swift; path = CardTextfield.swift; sourceTree = "<group>"; };
		F9B7CE9B200C2E3A00E6C5BC /* NetworkResponse.swift */ = {isa = PBXFileReference; lastKnownFileType = sourcecode.swift; path = NetworkResponse.swift; sourceTree = "<group>"; };
		F9C2B7FA200424B400F38DAD /* SPSCollectionViewCell.swift */ = {isa = PBXFileReference; lastKnownFileType = sourcecode.swift; path = SPSCollectionViewCell.swift; sourceTree = "<group>"; };
		F9DC7C931FD0C66A0097D4B5 /* BingoCollectionView.swift */ = {isa = PBXFileReference; lastKnownFileType = sourcecode.swift; path = BingoCollectionView.swift; sourceTree = "<group>"; };
		F9DC7C951FD0C8370097D4B5 /* OpponentBingoViewController.swift */ = {isa = PBXFileReference; lastKnownFileType = sourcecode.swift; path = OpponentBingoViewController.swift; sourceTree = "<group>"; };
		F9DC7C991FD1259D0097D4B5 /* PieceView.swift */ = {isa = PBXFileReference; lastKnownFileType = sourcecode.swift; path = PieceView.swift; sourceTree = "<group>"; };
		F9E7B3991FC3A63500B81872 /* APIManager.swift */ = {isa = PBXFileReference; lastKnownFileType = sourcecode.swift; path = APIManager.swift; sourceTree = "<group>"; };
		F9E7B39B1FC3D28E00B81872 /* Game.swift */ = {isa = PBXFileReference; lastKnownFileType = sourcecode.swift; path = Game.swift; sourceTree = "<group>"; };
		F9E7B39D1FC3E4F600B81872 /* GamesTableViewController.swift */ = {isa = PBXFileReference; lastKnownFileType = sourcecode.swift; path = GamesTableViewController.swift; sourceTree = "<group>"; };
		F9EB8CAB2007D9C5004F04D0 /* CardEditView.swift */ = {isa = PBXFileReference; lastKnownFileType = sourcecode.swift; path = CardEditView.swift; sourceTree = "<group>"; };
		F9EB8CAD2007DB96004F04D0 /* CardCollectionViewDataSource.swift */ = {isa = PBXFileReference; lastKnownFileType = sourcecode.swift; path = CardCollectionViewDataSource.swift; sourceTree = "<group>"; };
		F9EB8CAF2007DC91004F04D0 /* CardCollectionView.swift */ = {isa = PBXFileReference; lastKnownFileType = sourcecode.swift; path = CardCollectionView.swift; sourceTree = "<group>"; };
		F9EB8CB12007DE68004F04D0 /* CardEditViewController.swift */ = {isa = PBXFileReference; lastKnownFileType = sourcecode.swift; path = CardEditViewController.swift; sourceTree = "<group>"; };
		F9EB8CB32007EFF0004F04D0 /* DeckShowViewController.swift */ = {isa = PBXFileReference; lastKnownFileType = sourcecode.swift; path = DeckShowViewController.swift; sourceTree = "<group>"; };
		F9EFD5531FF58BB400C99D72 /* Decks.json */ = {isa = PBXFileReference; fileEncoding = 4; lastKnownFileType = text.json; path = Decks.json; sourceTree = "<group>"; };
		F9FA25D02007D5CA001D7E3A /* EditView.swift */ = {isa = PBXFileReference; lastKnownFileType = sourcecode.swift; path = EditView.swift; sourceTree = "<group>"; };
/* End PBXFileReference section */

/* Begin PBXFrameworksBuildPhase section */
		F96AA5FA1FBAB4F4001E7CCD /* Frameworks */ = {
			isa = PBXFrameworksBuildPhase;
			buildActionMask = 2147483647;
			files = (
				21A460F98FF1CCF3F16E5B3F /* Pods_StuffPeopleSay.framework in Frameworks */,
			);
			runOnlyForDeploymentPostprocessing = 0;
		};
/* End PBXFrameworksBuildPhase section */

/* Begin PBXGroup section */
		08B4A7B238B211AE941333FA /* Pods */ = {
			isa = PBXGroup;
			children = (
				969F576DC84CC8784B284975 /* Pods-StuffPeopleSay.debug.xcconfig */,
				B82C6D91C9AF9E86158C2F3E /* Pods-StuffPeopleSay.release.xcconfig */,
			);
			name = Pods;
			sourceTree = "<group>";
		};
		AD3B93713703626E06F1E3B4 /* Frameworks */ = {
			isa = PBXGroup;
			children = (
				51FA5B8480CBA27CE3AE29CC /* Pods_StuffPeopleSay.framework */,
			);
			name = Frameworks;
			sourceTree = "<group>";
		};
		F9066D9B1FD5D7CC003BF133 /* Stores */ = {
			isa = PBXGroup;
			children = (
				F97E63851FF1D66100CBA256 /* BingoPalette.swift */,
				F9EFD5531FF58BB400C99D72 /* Decks.json */,
				F95B17141FBBBBEF00AA000B /* GameStore.swift */,
			);
			path = Stores;
			sourceTree = "<group>";
		};
		F9066D9C1FD5D7D9003BF133 /* Managers */ = {
			isa = PBXGroup;
			children = (
				F9E7B3991FC3A63500B81872 /* APIManager.swift */,
				F90B4B791FBBA232002FEBF0 /* PusherManager.swift */,
				F9792C5D1FD75D4400ADE88C /* ZoomTransitioningDelegate.swift */,
			);
			path = Managers;
			sourceTree = "<group>";
		};
		F93D1C14200C0A9D00B0107D /* Requests */ = {
			isa = PBXGroup;
			children = (
				F9707CE3200B0008001F4D17 /* RequestProtocol.swift */,
				F9707CE6200B2C49001F4D17 /* UserRequests.swift */,
				F9707CE8200B325D001F4D17 /* GameRequests.swift */,
				F9707CEA200B36DA001F4D17 /* DeckRequests.swift */,
				F93D1C10200BD77900B0107D /* CardRequests.swift */,
			);
			path = Requests;
			sourceTree = "<group>";
		};
		F96AA5F41FBAB4F4001E7CCD = {
			isa = PBXGroup;
			children = (
				F96AA5FF1FBAB4F4001E7CCD /* StuffPeopleSay */,
				F96AA5FE1FBAB4F4001E7CCD /* Products */,
				08B4A7B238B211AE941333FA /* Pods */,
				AD3B93713703626E06F1E3B4 /* Frameworks */,
			);
			sourceTree = "<group>";
		};
		F96AA5FE1FBAB4F4001E7CCD /* Products */ = {
			isa = PBXGroup;
			children = (
				F96AA5FD1FBAB4F4001E7CCD /* StuffPeopleSay.app */,
			);
			name = Products;
			sourceTree = "<group>";
		};
		F96AA5FF1FBAB4F4001E7CCD /* StuffPeopleSay */ = {
			isa = PBXGroup;
			children = (
				F96AA6001FBAB4F4001E7CCD /* AppDelegate.swift */,
				F9FEA8A01FFEBD3E00CEFE30 /* Models */,
				F9FEA8A11FFEBD4800CEFE30 /* Views */,
				F9FEA8A21FFEBD5700CEFE30 /* Controllers */,
				F9066D9B1FD5D7CC003BF133 /* Stores */,
				F9FEA8A31FFEBD8100CEFE30 /* Helpers */,
				F96AA6071FBAB4F4001E7CCD /* Assets.xcassets */,
				F96AA6041FBAB4F4001E7CCD /* Main.storyboard */,
				F96AA6091FBAB4F4001E7CCD /* LaunchScreen.storyboard */,
				F96AA60C1FBAB4F4001E7CCD /* Info.plist */,
			);
			path = StuffPeopleSay;
			sourceTree = "<group>";
		};
		F9707CE5200B2C2C001F4D17 /* Network */ = {
			isa = PBXGroup;
			children = (
				F93D1C12200BD80000B0107D /* Environment.swift */,
				F93D1C15200C0C6000B0107D /* NetworkDispatcher.swift */,
				F93D1C14200C0A9D00B0107D /* Requests */,
				F9B7CE9B200C2E3A00E6C5BC /* NetworkResponse.swift */,
			);
			path = Network;
			sourceTree = "<group>";
		};
		F9FEA8A01FFEBD3E00CEFE30 /* Models */ = {
			isa = PBXGroup;
			children = (
				F96C58051FBB69F600D49481 /* BingoGame.swift */,
				F9341C0E1FD1ECA0009CD301 /* Board.swift */,
				F95B17161FBBBBF400AA000B /* Card.swift */,
				F91230DC1FF1972F00182B55 /* Deck.swift */,
				F9E7B39B1FC3D28E00B81872 /* Game.swift */,
				F92DBED91FBB8D5300B4566F /* User.swift */,
			);
			path = Models;
			sourceTree = "<group>";
		};
		F9FEA8A11FFEBD4800CEFE30 /* Views */ = {
			isa = PBXGroup;
			children = (
				F9DC7C931FD0C66A0097D4B5 /* BingoCollectionView.swift */,
				F96AA6141FBAB999001E7CCD /* BingoCollectionViewLayout.swift */,
				F9EB8CAB2007D9C5004F04D0 /* CardEditView.swift */,
				F9EB8CAF2007DC91004F04D0 /* CardCollectionView.swift */,
				F9B295371FF4DCB700454D21 /* CardTextfield.swift */,
				F91A631A2006B2C000BF8DD1 /* DeckCollectionView.swift */,
				F91A63202006D8D200BF8DD1 /* DeckEditView.swift */,
				F950F35F1FF3561800DF578F /* DeckCollectionViewLayout.swift */,
				F9FA25D02007D5CA001D7E3A /* EditView.swift */,
				F99A2F781FD4AA3000B2CEC6 /* LoadingView.swift */,
				F9DC7C991FD1259D0097D4B5 /* PieceView.swift */,
				F9FEA8A41FFEBDC400CEFE30 /* Cells */,
			);
			path = Views;
			sourceTree = "<group>";
		};
		F9FEA8A21FFEBD5700CEFE30 /* Controllers */ = {
			isa = PBXGroup;
			children = (
				F905D6D51FF5C30600A0CFD5 /* AlertViewController.swift */,
				F9EB8CB12007DE68004F04D0 /* CardEditViewController.swift */,
				F91A631E2006D87000BF8DD1 /* DeckEditViewController.swift */,
				F9EB8CB32007EFF0004F04D0 /* DeckShowViewController.swift */,
				F96AA6121FBAB91E001E7CCD /* BingoViewController.swift */,
				F993AC0B1FD6229000433689 /* BoardCollectionViewController.swift */,
				F9E7B39D1FC3E4F600B81872 /* GamesTableViewController.swift */,
				F92DBED71FBB8D4000B4566F /* LoginViewController.swift */,
				F9DC7C951FD0C8370097D4B5 /* OpponentBingoViewController.swift */,
			);
			path = Controllers;
			sourceTree = "<group>";
		};
		F9FEA8A31FFEBD8100CEFE30 /* Helpers */ = {
			isa = PBXGroup;
			children = (
				F9EB8CAD2007DB96004F04D0 /* CardCollectionViewDataSource.swift */,
				F91A631C2006C63A00BF8DD1 /* DeckCollectionViewDataSource.swift */,
				F9707CE5200B2C2C001F4D17 /* Network */,
				F9066D9C1FD5D7D9003BF133 /* Managers */,
			);
			path = Helpers;
			sourceTree = "<group>";
		};
		F9FEA8A41FFEBDC400CEFE30 /* Cells */ = {
			isa = PBXGroup;
			children = (
				F96C58031FBB5A3B00D49481 /* BingoCollectionCell.swift */,
				F9AAF1CD1FD62F5E008A618F /* BoardCollectionViewCell.swift */,
				F96F1DB31FF4CC7A00C06E9C /* CardCell.swift */,
				F97E63831FF1A81700CBA256 /* DeckCell.swift */,
				F9066DA11FD5F637003BF133 /* GameViewCell.swift */,
				F9C2B7FA200424B400F38DAD /* SPSCollectionViewCell.swift */,
			);
			path = Cells;
			sourceTree = "<group>";
		};
/* End PBXGroup section */

/* Begin PBXNativeTarget section */
		F96AA5FC1FBAB4F4001E7CCD /* StuffPeopleSay */ = {
			isa = PBXNativeTarget;
			buildConfigurationList = F96AA60F1FBAB4F4001E7CCD /* Build configuration list for PBXNativeTarget "StuffPeopleSay" */;
			buildPhases = (
				07D07E517315976D61667383 /* [CP] Check Pods Manifest.lock */,
				F96AA5F91FBAB4F4001E7CCD /* Sources */,
				F96AA5FA1FBAB4F4001E7CCD /* Frameworks */,
				F96AA5FB1FBAB4F4001E7CCD /* Resources */,
				C68D4FFB6F696BEA654551A5 /* [CP] Embed Pods Frameworks */,
				8A3EDCE4ECFC91EB7569289B /* [CP] Copy Pods Resources */,
			);
			buildRules = (
			);
			dependencies = (
			);
			name = StuffPeopleSay;
			productName = ShitMyFamilySaysForTheHolidays;
			productReference = F96AA5FD1FBAB4F4001E7CCD /* StuffPeopleSay.app */;
			productType = "com.apple.product-type.application";
		};
/* End PBXNativeTarget section */

/* Begin PBXProject section */
		F96AA5F51FBAB4F4001E7CCD /* Project object */ = {
			isa = PBXProject;
			attributes = {
				LastSwiftUpdateCheck = 0910;
				LastUpgradeCheck = 0910;
				ORGANIZATIONNAME = michaelodere;
				TargetAttributes = {
					F96AA5FC1FBAB4F4001E7CCD = {
						CreatedOnToolsVersion = 9.1;
						ProvisioningStyle = Automatic;
					};
				};
			};
			buildConfigurationList = F96AA5F81FBAB4F4001E7CCD /* Build configuration list for PBXProject "StuffPeopleSay" */;
			compatibilityVersion = "Xcode 8.0";
			developmentRegion = en;
			hasScannedForEncodings = 0;
			knownRegions = (
				en,
				Base,
			);
			mainGroup = F96AA5F41FBAB4F4001E7CCD;
			productRefGroup = F96AA5FE1FBAB4F4001E7CCD /* Products */;
			projectDirPath = "";
			projectRoot = "";
			targets = (
				F96AA5FC1FBAB4F4001E7CCD /* StuffPeopleSay */,
			);
		};
/* End PBXProject section */

/* Begin PBXResourcesBuildPhase section */
		F96AA5FB1FBAB4F4001E7CCD /* Resources */ = {
			isa = PBXResourcesBuildPhase;
			buildActionMask = 2147483647;
			files = (
				F9EFD5541FF58BB400C99D72 /* Decks.json in Resources */,
				F96AA60B1FBAB4F4001E7CCD /* LaunchScreen.storyboard in Resources */,
				F96AA6081FBAB4F4001E7CCD /* Assets.xcassets in Resources */,
				F96AA6061FBAB4F4001E7CCD /* Main.storyboard in Resources */,
			);
			runOnlyForDeploymentPostprocessing = 0;
		};
/* End PBXResourcesBuildPhase section */

/* Begin PBXShellScriptBuildPhase section */
		07D07E517315976D61667383 /* [CP] Check Pods Manifest.lock */ = {
			isa = PBXShellScriptBuildPhase;
			buildActionMask = 2147483647;
			files = (
			);
			inputPaths = (
				"${PODS_PODFILE_DIR_PATH}/Podfile.lock",
				"${PODS_ROOT}/Manifest.lock",
			);
			name = "[CP] Check Pods Manifest.lock";
			outputPaths = (
				"$(DERIVED_FILE_DIR)/Pods-StuffPeopleSay-checkManifestLockResult.txt",
			);
			runOnlyForDeploymentPostprocessing = 0;
			shellPath = /bin/sh;
			shellScript = "diff \"${PODS_PODFILE_DIR_PATH}/Podfile.lock\" \"${PODS_ROOT}/Manifest.lock\" > /dev/null\nif [ $? != 0 ] ; then\n    # print error to STDERR\n    echo \"error: The sandbox is not in sync with the Podfile.lock. Run 'pod install' or update your CocoaPods installation.\" >&2\n    exit 1\nfi\n# This output is used by Xcode 'outputs' to avoid re-running this script phase.\necho \"SUCCESS\" > \"${SCRIPT_OUTPUT_FILE_0}\"\n";
			showEnvVarsInLog = 0;
		};
		8A3EDCE4ECFC91EB7569289B /* [CP] Copy Pods Resources */ = {
			isa = PBXShellScriptBuildPhase;
			buildActionMask = 2147483647;
			files = (
			);
			inputPaths = (
			);
			name = "[CP] Copy Pods Resources";
			outputPaths = (
			);
			runOnlyForDeploymentPostprocessing = 0;
			shellPath = /bin/sh;
			shellScript = "\"${SRCROOT}/Pods/Target Support Files/Pods-StuffPeopleSay/Pods-StuffPeopleSay-resources.sh\"\n";
			showEnvVarsInLog = 0;
		};
		C68D4FFB6F696BEA654551A5 /* [CP] Embed Pods Frameworks */ = {
			isa = PBXShellScriptBuildPhase;
			buildActionMask = 2147483647;
			files = (
			);
			inputPaths = (
				"${SRCROOT}/Pods/Target Support Files/Pods-StuffPeopleSay/Pods-StuffPeopleSay-frameworks.sh",
				"${BUILT_PRODUCTS_DIR}/Alamofire/Alamofire.framework",
				"${BUILT_PRODUCTS_DIR}/ChameleonFramework/ChameleonFramework.framework",
				"${BUILT_PRODUCTS_DIR}/KeychainSwift/KeychainSwift.framework",
				"${BUILT_PRODUCTS_DIR}/PusherSwift/PusherSwift.framework",
				"${BUILT_PRODUCTS_DIR}/SwiftyJSON/SwiftyJSON.framework",
			);
			name = "[CP] Embed Pods Frameworks";
			outputPaths = (
				"${TARGET_BUILD_DIR}/${FRAMEWORKS_FOLDER_PATH}/Alamofire.framework",
				"${TARGET_BUILD_DIR}/${FRAMEWORKS_FOLDER_PATH}/ChameleonFramework.framework",
				"${TARGET_BUILD_DIR}/${FRAMEWORKS_FOLDER_PATH}/KeychainSwift.framework",
				"${TARGET_BUILD_DIR}/${FRAMEWORKS_FOLDER_PATH}/PusherSwift.framework",
				"${TARGET_BUILD_DIR}/${FRAMEWORKS_FOLDER_PATH}/SwiftyJSON.framework",
			);
			runOnlyForDeploymentPostprocessing = 0;
			shellPath = /bin/sh;
			shellScript = "\"${SRCROOT}/Pods/Target Support Files/Pods-StuffPeopleSay/Pods-StuffPeopleSay-frameworks.sh\"\n";
			showEnvVarsInLog = 0;
		};
/* End PBXShellScriptBuildPhase section */

/* Begin PBXSourcesBuildPhase section */
		F96AA5F91FBAB4F4001E7CCD /* Sources */ = {
			isa = PBXSourcesBuildPhase;
			buildActionMask = 2147483647;
			files = (
				F90B4B7A1FBBA232002FEBF0 /* PusherManager.swift in Sources */,
				F9DC7C961FD0C8370097D4B5 /* OpponentBingoViewController.swift in Sources */,
				F92DBED81FBB8D4000B4566F /* LoginViewController.swift in Sources */,
				F9C2B7FB200424B400F38DAD /* SPSCollectionViewCell.swift in Sources */,
				F9066DA21FD5F637003BF133 /* GameViewCell.swift in Sources */,
				F9EB8CAC2007D9C5004F04D0 /* CardEditView.swift in Sources */,
				F91A631B2006B2C000BF8DD1 /* DeckCollectionView.swift in Sources */,
				F9EB8CAE2007DB96004F04D0 /* CardCollectionViewDataSource.swift in Sources */,
				F905D6D61FF5C30600A0CFD5 /* AlertViewController.swift in Sources */,
				F96C58041FBB5A3B00D49481 /* BingoCollectionCell.swift in Sources */,
				F9E7B39C1FC3D28E00B81872 /* Game.swift in Sources */,
				F9DC7C941FD0C66A0097D4B5 /* BingoCollectionView.swift in Sources */,
				F9792C5E1FD75D4400ADE88C /* ZoomTransitioningDelegate.swift in Sources */,
				F96AA6131FBAB91E001E7CCD /* BingoViewController.swift in Sources */,
				F9EB8CB22007DE68004F04D0 /* CardEditViewController.swift in Sources */,
				F97E63861FF1D66100CBA256 /* BingoPalette.swift in Sources */,
				F9E7B39A1FC3A63500B81872 /* APIManager.swift in Sources */,
				F93D1C16200C0C6000B0107D /* NetworkDispatcher.swift in Sources */,
				F9FA25D12007D5CA001D7E3A /* EditView.swift in Sources */,
				F91A631F2006D87000BF8DD1 /* DeckEditViewController.swift in Sources */,
				F91A63212006D8D200BF8DD1 /* DeckEditView.swift in Sources */,
				F993AC0C1FD6229000433689 /* BoardCollectionViewController.swift in Sources */,
				F92DBEDA1FBB8D5300B4566F /* User.swift in Sources */,
				F9707CE7200B2C49001F4D17 /* UserRequests.swift in Sources */,
				F9707CE4200B0008001F4D17 /* RequestProtocol.swift in Sources */,
				F9707CEB200B36DA001F4D17 /* DeckRequests.swift in Sources */,
				F93D1C11200BD77900B0107D /* CardRequests.swift in Sources */,
				F91230DD1FF1972F00182B55 /* Deck.swift in Sources */,
				F96C58061FBB69F600D49481 /* BingoGame.swift in Sources */,
				F95B17151FBBBBEF00AA000B /* GameStore.swift in Sources */,
				F950F3601FF3561800DF578F /* DeckCollectionViewLayout.swift in Sources */,
				F9B295381FF4DCB700454D21 /* CardTextfield.swift in Sources */,
				F97E63841FF1A81700CBA256 /* DeckCell.swift in Sources */,
				F9DC7C9A1FD1259D0097D4B5 /* PieceView.swift in Sources */,
				F93D1C13200BD80000B0107D /* Environment.swift in Sources */,
				F9EB8CB42007EFF0004F04D0 /* DeckShowViewController.swift in Sources */,
				F9AAF1CE1FD62F5E008A618F /* BoardCollectionViewCell.swift in Sources */,
				F95B17171FBBBBF400AA000B /* Card.swift in Sources */,
				F91A631D2006C63A00BF8DD1 /* DeckCollectionViewDataSource.swift in Sources */,
				F9E7B39E1FC3E4F600B81872 /* GamesTableViewController.swift in Sources */,
				F9341C0F1FD1ECA0009CD301 /* Board.swift in Sources */,
				F9B7CE9C200C2E3A00E6C5BC /* NetworkResponse.swift in Sources */,
				F9EB8CB02007DC91004F04D0 /* CardCollectionView.swift in Sources */,
				F96AA6151FBAB999001E7CCD /* BingoCollectionViewLayout.swift in Sources */,
				F96AA6011FBAB4F4001E7CCD /* AppDelegate.swift in Sources */,
				F99A2F791FD4AA3000B2CEC6 /* LoadingView.swift in Sources */,
				F9707CE9200B325D001F4D17 /* GameRequests.swift in Sources */,
				F96F1DB41FF4CC7A00C06E9C /* CardCell.swift in Sources */,
			);
			runOnlyForDeploymentPostprocessing = 0;
		};
/* End PBXSourcesBuildPhase section */

/* Begin PBXVariantGroup section */
		F96AA6041FBAB4F4001E7CCD /* Main.storyboard */ = {
			isa = PBXVariantGroup;
			children = (
				F96AA6051FBAB4F4001E7CCD /* Base */,
			);
			name = Main.storyboard;
			sourceTree = "<group>";
		};
		F96AA6091FBAB4F4001E7CCD /* LaunchScreen.storyboard */ = {
			isa = PBXVariantGroup;
			children = (
				F96AA60A1FBAB4F4001E7CCD /* Base */,
			);
			name = LaunchScreen.storyboard;
			sourceTree = "<group>";
		};
/* End PBXVariantGroup section */

/* Begin XCBuildConfiguration section */
		F96AA60D1FBAB4F4001E7CCD /* Debug */ = {
			isa = XCBuildConfiguration;
			buildSettings = {
				ALWAYS_SEARCH_USER_PATHS = NO;
				CLANG_ANALYZER_NONNULL = YES;
				CLANG_ANALYZER_NUMBER_OBJECT_CONVERSION = YES_AGGRESSIVE;
				CLANG_CXX_LANGUAGE_STANDARD = "gnu++14";
				CLANG_CXX_LIBRARY = "libc++";
				CLANG_ENABLE_MODULES = YES;
				CLANG_ENABLE_OBJC_ARC = YES;
				CLANG_WARN_BLOCK_CAPTURE_AUTORELEASING = YES;
				CLANG_WARN_BOOL_CONVERSION = YES;
				CLANG_WARN_COMMA = YES;
				CLANG_WARN_CONSTANT_CONVERSION = YES;
				CLANG_WARN_DIRECT_OBJC_ISA_USAGE = YES_ERROR;
				CLANG_WARN_DOCUMENTATION_COMMENTS = YES;
				CLANG_WARN_EMPTY_BODY = YES;
				CLANG_WARN_ENUM_CONVERSION = YES;
				CLANG_WARN_INFINITE_RECURSION = YES;
				CLANG_WARN_INT_CONVERSION = YES;
				CLANG_WARN_NON_LITERAL_NULL_CONVERSION = YES;
				CLANG_WARN_OBJC_LITERAL_CONVERSION = YES;
				CLANG_WARN_OBJC_ROOT_CLASS = YES_ERROR;
				CLANG_WARN_RANGE_LOOP_ANALYSIS = YES;
				CLANG_WARN_STRICT_PROTOTYPES = YES;
				CLANG_WARN_SUSPICIOUS_MOVE = YES;
				CLANG_WARN_UNGUARDED_AVAILABILITY = YES_AGGRESSIVE;
				CLANG_WARN_UNREACHABLE_CODE = YES;
				CLANG_WARN__DUPLICATE_METHOD_MATCH = YES;
				CODE_SIGN_IDENTITY = "iPhone Developer";
				COPY_PHASE_STRIP = NO;
				DEBUG_INFORMATION_FORMAT = dwarf;
				ENABLE_STRICT_OBJC_MSGSEND = YES;
				ENABLE_TESTABILITY = YES;
				GCC_C_LANGUAGE_STANDARD = gnu11;
				GCC_DYNAMIC_NO_PIC = NO;
				GCC_NO_COMMON_BLOCKS = YES;
				GCC_OPTIMIZATION_LEVEL = 0;
				GCC_PREPROCESSOR_DEFINITIONS = (
					"DEBUG=1",
					"$(inherited)",
				);
				GCC_WARN_64_TO_32_BIT_CONVERSION = YES;
				GCC_WARN_ABOUT_RETURN_TYPE = YES_ERROR;
				GCC_WARN_UNDECLARED_SELECTOR = YES;
				GCC_WARN_UNINITIALIZED_AUTOS = YES_AGGRESSIVE;
				GCC_WARN_UNUSED_FUNCTION = YES;
				GCC_WARN_UNUSED_VARIABLE = YES;
				IPHONEOS_DEPLOYMENT_TARGET = 11.1;
				MTL_ENABLE_DEBUG_INFO = YES;
				ONLY_ACTIVE_ARCH = YES;
				SDKROOT = iphoneos;
				SWIFT_ACTIVE_COMPILATION_CONDITIONS = DEBUG;
				SWIFT_OPTIMIZATION_LEVEL = "-Onone";
			};
			name = Debug;
		};
		F96AA60E1FBAB4F4001E7CCD /* Release */ = {
			isa = XCBuildConfiguration;
			buildSettings = {
				ALWAYS_SEARCH_USER_PATHS = NO;
				CLANG_ANALYZER_NONNULL = YES;
				CLANG_ANALYZER_NUMBER_OBJECT_CONVERSION = YES_AGGRESSIVE;
				CLANG_CXX_LANGUAGE_STANDARD = "gnu++14";
				CLANG_CXX_LIBRARY = "libc++";
				CLANG_ENABLE_MODULES = YES;
				CLANG_ENABLE_OBJC_ARC = YES;
				CLANG_WARN_BLOCK_CAPTURE_AUTORELEASING = YES;
				CLANG_WARN_BOOL_CONVERSION = YES;
				CLANG_WARN_COMMA = YES;
				CLANG_WARN_CONSTANT_CONVERSION = YES;
				CLANG_WARN_DIRECT_OBJC_ISA_USAGE = YES_ERROR;
				CLANG_WARN_DOCUMENTATION_COMMENTS = YES;
				CLANG_WARN_EMPTY_BODY = YES;
				CLANG_WARN_ENUM_CONVERSION = YES;
				CLANG_WARN_INFINITE_RECURSION = YES;
				CLANG_WARN_INT_CONVERSION = YES;
				CLANG_WARN_NON_LITERAL_NULL_CONVERSION = YES;
				CLANG_WARN_OBJC_LITERAL_CONVERSION = YES;
				CLANG_WARN_OBJC_ROOT_CLASS = YES_ERROR;
				CLANG_WARN_RANGE_LOOP_ANALYSIS = YES;
				CLANG_WARN_STRICT_PROTOTYPES = YES;
				CLANG_WARN_SUSPICIOUS_MOVE = YES;
				CLANG_WARN_UNGUARDED_AVAILABILITY = YES_AGGRESSIVE;
				CLANG_WARN_UNREACHABLE_CODE = YES;
				CLANG_WARN__DUPLICATE_METHOD_MATCH = YES;
				CODE_SIGN_IDENTITY = "iPhone Developer";
				COPY_PHASE_STRIP = NO;
				DEBUG_INFORMATION_FORMAT = "dwarf-with-dsym";
				ENABLE_NS_ASSERTIONS = NO;
				ENABLE_STRICT_OBJC_MSGSEND = YES;
				GCC_C_LANGUAGE_STANDARD = gnu11;
				GCC_NO_COMMON_BLOCKS = YES;
				GCC_WARN_64_TO_32_BIT_CONVERSION = YES;
				GCC_WARN_ABOUT_RETURN_TYPE = YES_ERROR;
				GCC_WARN_UNDECLARED_SELECTOR = YES;
				GCC_WARN_UNINITIALIZED_AUTOS = YES_AGGRESSIVE;
				GCC_WARN_UNUSED_FUNCTION = YES;
				GCC_WARN_UNUSED_VARIABLE = YES;
				IPHONEOS_DEPLOYMENT_TARGET = 11.1;
				MTL_ENABLE_DEBUG_INFO = NO;
				SDKROOT = iphoneos;
				SWIFT_OPTIMIZATION_LEVEL = "-Owholemodule";
				VALIDATE_PRODUCT = YES;
			};
			name = Release;
		};
		F96AA6101FBAB4F4001E7CCD /* Debug */ = {
			isa = XCBuildConfiguration;
			baseConfigurationReference = 969F576DC84CC8784B284975 /* Pods-StuffPeopleSay.debug.xcconfig */;
			buildSettings = {
				ASSETCATALOG_COMPILER_APPICON_NAME = AppIcon;
				"CODE_SIGN_IDENTITY[sdk=iphoneos*]" = "iPhone Developer";
				CODE_SIGN_STYLE = Automatic;
				DEVELOPMENT_TEAM = 8K3FW43R9X;
				INFOPLIST_FILE = "$(SRCROOT)/StuffPeopleSay/Info.plist";
				LD_RUNPATH_SEARCH_PATHS = "$(inherited) @executable_path/Frameworks";
				PRODUCT_BUNDLE_IDENTIFIER = com.michaelodere.SPS;
				PRODUCT_NAME = "$(TARGET_NAME)";
				PROVISIONING_PROFILE_SPECIFIER = "";
				SWIFT_VERSION = 4.0;
				TARGETED_DEVICE_FAMILY = "1,2";
			};
			name = Debug;
		};
		F96AA6111FBAB4F4001E7CCD /* Release */ = {
			isa = XCBuildConfiguration;
			baseConfigurationReference = B82C6D91C9AF9E86158C2F3E /* Pods-StuffPeopleSay.release.xcconfig */;
			buildSettings = {
				ASSETCATALOG_COMPILER_APPICON_NAME = AppIcon;
				"CODE_SIGN_IDENTITY[sdk=iphoneos*]" = "iPhone Developer";
				CODE_SIGN_STYLE = Automatic;
				DEVELOPMENT_TEAM = 8K3FW43R9X;
				INFOPLIST_FILE = "$(SRCROOT)/StuffPeopleSay/Info.plist";
				LD_RUNPATH_SEARCH_PATHS = "$(inherited) @executable_path/Frameworks";
				PRODUCT_BUNDLE_IDENTIFIER = com.michaelodere.SPS;
				PRODUCT_NAME = "$(TARGET_NAME)";
				PROVISIONING_PROFILE_SPECIFIER = "";
				SWIFT_VERSION = 4.0;
				TARGETED_DEVICE_FAMILY = "1,2";
			};
			name = Release;
		};
/* End XCBuildConfiguration section */

/* Begin XCConfigurationList section */
		F96AA5F81FBAB4F4001E7CCD /* Build configuration list for PBXProject "StuffPeopleSay" */ = {
			isa = XCConfigurationList;
			buildConfigurations = (
				F96AA60D1FBAB4F4001E7CCD /* Debug */,
				F96AA60E1FBAB4F4001E7CCD /* Release */,
			);
			defaultConfigurationIsVisible = 0;
			defaultConfigurationName = Release;
		};
		F96AA60F1FBAB4F4001E7CCD /* Build configuration list for PBXNativeTarget "StuffPeopleSay" */ = {
			isa = XCConfigurationList;
			buildConfigurations = (
				F96AA6101FBAB4F4001E7CCD /* Debug */,
				F96AA6111FBAB4F4001E7CCD /* Release */,
			);
			defaultConfigurationIsVisible = 0;
			defaultConfigurationName = Release;
		};
/* End XCConfigurationList section */
	};
	rootObject = F96AA5F51FBAB4F4001E7CCD /* Project object */;
}
